// !$*UTF8*$!
{
	archiveVersion = 1;
	classes = {
	};
	objectVersion = 50;
	objects = {

/* Begin PBXBuildFile section */
		3B02CFE2244D793100827F2F /* ProfileEditor.swift in Sources */ = {isa = PBXBuildFile; fileRef = 3B02CFE1244D793000827F2F /* ProfileEditor.swift */; };
		3B424BC0243DA45100E1AFB9 /* LandmarkDetail.swift in Sources */ = {isa = PBXBuildFile; fileRef = 3B424BBF243DA45100E1AFB9 /* LandmarkDetail.swift */; };
		3B424BCE243F3F3500E1AFB9 /* Landmark.swift in Sources */ = {isa = PBXBuildFile; fileRef = 3B424BCD243F3F3500E1AFB9 /* Landmark.swift */; };
		3B424BEF243F44E200E1AFB9 /* Main.storyboard in Resources */ = {isa = PBXBuildFile; fileRef = 3B424BEE243F44E100E1AFB9 /* Main.storyboard */; };
		3B424BF2243F76BB00E1AFB9 /* LandmarkRow.swift in Sources */ = {isa = PBXBuildFile; fileRef = 3B424BF1243F76BA00E1AFB9 /* LandmarkRow.swift */; };
		3B424BF4243F782300E1AFB9 /* Data.swift in Sources */ = {isa = PBXBuildFile; fileRef = 3B424BF3243F782300E1AFB9 /* Data.swift */; };
		3B52E4342440434A00366CE9 /* LandmarkList.swift in Sources */ = {isa = PBXBuildFile; fileRef = 3B52E4332440434A00366CE9 /* LandmarkList.swift */; };
		3B52E44324443C6300366CE9 /* chincoteague.jpg in Resources */ = {isa = PBXBuildFile; fileRef = 3B52E43624443C6100366CE9 /* chincoteague.jpg */; };
		3B52E44424443C6300366CE9 /* landmarkData.json in Resources */ = {isa = PBXBuildFile; fileRef = 3B52E43724443C6100366CE9 /* landmarkData.json */; };
		3B52E44524443C6300366CE9 /* icybay.jpg in Resources */ = {isa = PBXBuildFile; fileRef = 3B52E43824443C6100366CE9 /* icybay.jpg */; };
		3B52E44624443C6300366CE9 /* stmarylake.jpg in Resources */ = {isa = PBXBuildFile; fileRef = 3B52E43924443C6100366CE9 /* stmarylake.jpg */; };
		3B52E44724443C6300366CE9 /* rainbowlake.jpg in Resources */ = {isa = PBXBuildFile; fileRef = 3B52E43A24443C6200366CE9 /* rainbowlake.jpg */; };
		3B52E44824443C6300366CE9 /* charleyrivers.jpg in Resources */ = {isa = PBXBuildFile; fileRef = 3B52E43B24443C6200366CE9 /* charleyrivers.jpg */; };
		3B52E44924443C6300366CE9 /* umbagog.jpg in Resources */ = {isa = PBXBuildFile; fileRef = 3B52E43C24443C6200366CE9 /* umbagog.jpg */; };
		3B52E44A24443C6300366CE9 /* chilkoottrail.jpg in Resources */ = {isa = PBXBuildFile; fileRef = 3B52E43D24443C6200366CE9 /* chilkoottrail.jpg */; };
		3B52E44B24443C6300366CE9 /* turtlerock.jpg in Resources */ = {isa = PBXBuildFile; fileRef = 3B52E43E24443C6200366CE9 /* turtlerock.jpg */; };
		3B52E44C24443C6300366CE9 /* silversalmoncreek.jpg in Resources */ = {isa = PBXBuildFile; fileRef = 3B52E43F24443C6300366CE9 /* silversalmoncreek.jpg */; };
		3B52E44D24443C6300366CE9 /* lakemcdonald.jpg in Resources */ = {isa = PBXBuildFile; fileRef = 3B52E44024443C6300366CE9 /* lakemcdonald.jpg */; };
		3B52E44E24443C6300366CE9 /* hiddenlake.jpg in Resources */ = {isa = PBXBuildFile; fileRef = 3B52E44124443C6300366CE9 /* hiddenlake.jpg */; };
		3B52E44F24443C6300366CE9 /* twinlake.jpg in Resources */ = {isa = PBXBuildFile; fileRef = 3B52E44224443C6300366CE9 /* twinlake.jpg */; };
		3B52E4512444458800366CE9 /* UserData.swift in Sources */ = {isa = PBXBuildFile; fileRef = 3B52E4502444458800366CE9 /* UserData.swift */; };
		3B52E47D24445B6A00366CE9 /* AppDelegate.swift in Sources */ = {isa = PBXBuildFile; fileRef = 3B52E47C24445B6A00366CE9 /* AppDelegate.swift */; };
		3B52E47F24445B6A00366CE9 /* SceneDelegate.swift in Sources */ = {isa = PBXBuildFile; fileRef = 3B52E47E24445B6A00366CE9 /* SceneDelegate.swift */; };
		3B52E48324445B7500366CE9 /* Assets.xcassets in Resources */ = {isa = PBXBuildFile; fileRef = 3B52E48224445B7500366CE9 /* Assets.xcassets */; };
		3B52E48624445B7500366CE9 /* Preview Assets.xcassets in Resources */ = {isa = PBXBuildFile; fileRef = 3B52E48524445B7500366CE9 /* Preview Assets.xcassets */; };
		3B52E48924445B7500366CE9 /* LaunchScreen.storyboard in Resources */ = {isa = PBXBuildFile; fileRef = 3B52E48724445B7500366CE9 /* LaunchScreen.storyboard */; };
		3B94922B23697D3900C14293 /* AppDelegate.swift in Sources */ = {isa = PBXBuildFile; fileRef = 3B94922A23697D3900C14293 /* AppDelegate.swift */; };
		3B94922D23697D3900C14293 /* SceneDelegate.swift in Sources */ = {isa = PBXBuildFile; fileRef = 3B94922C23697D3900C14293 /* SceneDelegate.swift */; };
		3B94923423697D3A00C14293 /* Assets.xcassets in Resources */ = {isa = PBXBuildFile; fileRef = 3B94923323697D3A00C14293 /* Assets.xcassets */; };
		3B94923723697D3A00C14293 /* LaunchScreen.storyboard in Resources */ = {isa = PBXBuildFile; fileRef = 3B94923523697D3A00C14293 /* LaunchScreen.storyboard */; };
		3B9F2D0C242DFD9400CFBE4A /* CircleImage.swift in Sources */ = {isa = PBXBuildFile; fileRef = 3B9F2D0B242DFD9400CFBE4A /* CircleImage.swift */; };
		3B9F2D0E242DFFAA00CFBE4A /* MapView.swift in Sources */ = {isa = PBXBuildFile; fileRef = 3B9F2D0D242DFFAA00CFBE4A /* MapView.swift */; };
		3BA6D5C3244994CE0027EF4B /* ViewController.swift in Sources */ = {isa = PBXBuildFile; fileRef = 3B94922E23697D3900C14293 /* ViewController.swift */; };
		3BA6D5C4244994CE0027EF4B /* ContentView2.swift in Sources */ = {isa = PBXBuildFile; fileRef = 3B62599D2448742E00E9C8A5 /* ContentView2.swift */; };
		3BA6D5C5244994CE0027EF4B /* ContentView3.swift in Sources */ = {isa = PBXBuildFile; fileRef = 3B625999244873D400E9C8A5 /* ContentView3.swift */; };
		3BA6D5C8244996AC0027EF4B /* Hike.swift in Sources */ = {isa = PBXBuildFile; fileRef = 3B52E4A12445BB7B00366CE9 /* Hike.swift */; };
		3BA6D5CD2449A5790027EF4B /* Home.swift in Sources */ = {isa = PBXBuildFile; fileRef = 3BA6D5CC2449A5790027EF4B /* Home.swift */; };
		3BA6D5D12449AD200027EF4B /* CategoryRow.swift in Sources */ = {isa = PBXBuildFile; fileRef = 3BA6D5D02449AD200027EF4B /* CategoryRow.swift */; };
		3BA6D5D7244AD8E60027EF4B /* ProfileHost.swift in Sources */ = {isa = PBXBuildFile; fileRef = 3BA6D5D6244AD8E60027EF4B /* ProfileHost.swift */; };
		3BA6D5D9244AD91A0027EF4B /* Profile.swift in Sources */ = {isa = PBXBuildFile; fileRef = 3BA6D5D8244AD91A0027EF4B /* Profile.swift */; };
		3BA6D5DB244ADCA90027EF4B /* ProfileSummary.swift in Sources */ = {isa = PBXBuildFile; fileRef = 3BA6D5DA244ADCA90027EF4B /* ProfileSummary.swift */; };
		3BA6D5DF244AFD390027EF4B /* HikeBadge.swift in Sources */ = {isa = PBXBuildFile; fileRef = 3BA6D5DE244AFD390027EF4B /* HikeBadge.swift */; };
		3BA6D5E0244AFD890027EF4B /* AlignmentView.swift in Sources */ = {isa = PBXBuildFile; fileRef = 3B62599F24487C5900E9C8A5 /* AlignmentView.swift */; };
		3BA6D5E6244AFF310027EF4B /* HikeGraph.swift in Sources */ = {isa = PBXBuildFile; fileRef = 3B52E49E2445BAF300366CE9 /* HikeGraph.swift */; };
		3BA6D5E7244AFF310027EF4B /* HikeDetail.swift in Sources */ = {isa = PBXBuildFile; fileRef = 3B52E4AA2446C0CA00366CE9 /* HikeDetail.swift */; };
		3BA6D5E8244AFF310027EF4B /* GraphCapsule.swift in Sources */ = {isa = PBXBuildFile; fileRef = 3B52E4A52445BBD900366CE9 /* GraphCapsule.swift */; };
		3BA6D5E9244AFF420027EF4B /* Badge.swift in Sources */ = {isa = PBXBuildFile; fileRef = 3B52E4912445A96A00366CE9 /* Badge.swift */; };
		3BA6D5EA244AFF420027EF4B /* RotatedBadgeSymbol.swift in Sources */ = {isa = PBXBuildFile; fileRef = 3B52E4972445B4D300366CE9 /* RotatedBadgeSymbol.swift */; };
		3BA6D5EB244AFF420027EF4B /* BadgeSymbol.swift in Sources */ = {isa = PBXBuildFile; fileRef = 3B52E4952445B38700366CE9 /* BadgeSymbol.swift */; };
		3BA6D5EC244AFF420027EF4B /* BadgeBackground.swift in Sources */ = {isa = PBXBuildFile; fileRef = 3B52E4992445B55F00366CE9 /* BadgeBackground.swift */; };
		3BA6D5ED244AFF420027EF4B /* HexagonParameters.swift in Sources */ = {isa = PBXBuildFile; fileRef = 3B52E4932445AAEA00366CE9 /* HexagonParameters.swift */; };
		3BA6D5EE244AFF4F0027EF4B /* HikeView.swift in Sources */ = {isa = PBXBuildFile; fileRef = 3B52E49B2445B9F400366CE9 /* HikeView.swift */; };
		3BA6D5F0244AFFE00027EF4B /* ContentView.swift in Sources */ = {isa = PBXBuildFile; fileRef = 3BA6D5EF244AFFE00027EF4B /* ContentView.swift */; };
		3BC3B13F244B0F8F00B80545 /* hikeData.json in Resources */ = {isa = PBXBuildFile; fileRef = 3B52E4A32445BB9900366CE9 /* hikeData.json */; };
/* End PBXBuildFile section */

/* Begin PBXFileReference section */
		3B02CFE1244D793000827F2F /* ProfileEditor.swift */ = {isa = PBXFileReference; lastKnownFileType = sourcecode.swift; path = ProfileEditor.swift; sourceTree = "<group>"; };
		3B424BBF243DA45100E1AFB9 /* LandmarkDetail.swift */ = {isa = PBXFileReference; lastKnownFileType = sourcecode.swift; path = LandmarkDetail.swift; sourceTree = "<group>"; };
		3B424BCD243F3F3500E1AFB9 /* Landmark.swift */ = {isa = PBXFileReference; lastKnownFileType = sourcecode.swift; path = Landmark.swift; sourceTree = "<group>"; };
		3B424BEE243F44E100E1AFB9 /* Main.storyboard */ = {isa = PBXFileReference; fileEncoding = 4; lastKnownFileType = file.storyboard; path = Main.storyboard; sourceTree = "<group>"; };
		3B424BF1243F76BA00E1AFB9 /* LandmarkRow.swift */ = {isa = PBXFileReference; lastKnownFileType = sourcecode.swift; path = LandmarkRow.swift; sourceTree = "<group>"; };
		3B424BF3243F782300E1AFB9 /* Data.swift */ = {isa = PBXFileReference; lastKnownFileType = sourcecode.swift; path = Data.swift; sourceTree = "<group>"; };
		3B52E4332440434A00366CE9 /* LandmarkList.swift */ = {isa = PBXFileReference; lastKnownFileType = sourcecode.swift; path = LandmarkList.swift; sourceTree = "<group>"; };
		3B52E43624443C6100366CE9 /* chincoteague.jpg */ = {isa = PBXFileReference; lastKnownFileType = image.jpeg; path = chincoteague.jpg; sourceTree = "<group>"; };
		3B52E43724443C6100366CE9 /* landmarkData.json */ = {isa = PBXFileReference; fileEncoding = 4; lastKnownFileType = text.json; path = landmarkData.json; sourceTree = "<group>"; };
		3B52E43824443C6100366CE9 /* icybay.jpg */ = {isa = PBXFileReference; lastKnownFileType = image.jpeg; path = icybay.jpg; sourceTree = "<group>"; };
		3B52E43924443C6100366CE9 /* stmarylake.jpg */ = {isa = PBXFileReference; lastKnownFileType = image.jpeg; path = stmarylake.jpg; sourceTree = "<group>"; };
		3B52E43A24443C6200366CE9 /* rainbowlake.jpg */ = {isa = PBXFileReference; lastKnownFileType = image.jpeg; path = rainbowlake.jpg; sourceTree = "<group>"; };
		3B52E43B24443C6200366CE9 /* charleyrivers.jpg */ = {isa = PBXFileReference; lastKnownFileType = image.jpeg; path = charleyrivers.jpg; sourceTree = "<group>"; };
		3B52E43C24443C6200366CE9 /* umbagog.jpg */ = {isa = PBXFileReference; lastKnownFileType = image.jpeg; path = umbagog.jpg; sourceTree = "<group>"; };
		3B52E43D24443C6200366CE9 /* chilkoottrail.jpg */ = {isa = PBXFileReference; lastKnownFileType = image.jpeg; path = chilkoottrail.jpg; sourceTree = "<group>"; };
		3B52E43E24443C6200366CE9 /* turtlerock.jpg */ = {isa = PBXFileReference; lastKnownFileType = image.jpeg; path = turtlerock.jpg; sourceTree = "<group>"; };
		3B52E43F24443C6300366CE9 /* silversalmoncreek.jpg */ = {isa = PBXFileReference; lastKnownFileType = image.jpeg; path = silversalmoncreek.jpg; sourceTree = "<group>"; };
		3B52E44024443C6300366CE9 /* lakemcdonald.jpg */ = {isa = PBXFileReference; lastKnownFileType = image.jpeg; path = lakemcdonald.jpg; sourceTree = "<group>"; };
		3B52E44124443C6300366CE9 /* hiddenlake.jpg */ = {isa = PBXFileReference; lastKnownFileType = image.jpeg; path = hiddenlake.jpg; sourceTree = "<group>"; };
		3B52E44224443C6300366CE9 /* twinlake.jpg */ = {isa = PBXFileReference; lastKnownFileType = image.jpeg; path = twinlake.jpg; sourceTree = "<group>"; };
		3B52E4502444458800366CE9 /* UserData.swift */ = {isa = PBXFileReference; lastKnownFileType = sourcecode.swift; path = UserData.swift; sourceTree = "<group>"; };
		3B52E47A24445B6A00366CE9 /* SwiftUITips.app */ = {isa = PBXFileReference; explicitFileType = wrapper.application; includeInIndex = 0; path = SwiftUITips.app; sourceTree = BUILT_PRODUCTS_DIR; };
		3B52E47C24445B6A00366CE9 /* AppDelegate.swift */ = {isa = PBXFileReference; lastKnownFileType = sourcecode.swift; path = AppDelegate.swift; sourceTree = "<group>"; };
		3B52E47E24445B6A00366CE9 /* SceneDelegate.swift */ = {isa = PBXFileReference; lastKnownFileType = sourcecode.swift; path = SceneDelegate.swift; sourceTree = "<group>"; };
		3B52E48224445B7500366CE9 /* Assets.xcassets */ = {isa = PBXFileReference; lastKnownFileType = folder.assetcatalog; path = Assets.xcassets; sourceTree = "<group>"; };
		3B52E48524445B7500366CE9 /* Preview Assets.xcassets */ = {isa = PBXFileReference; lastKnownFileType = folder.assetcatalog; path = "Preview Assets.xcassets"; sourceTree = "<group>"; };
		3B52E48824445B7500366CE9 /* Base */ = {isa = PBXFileReference; lastKnownFileType = file.storyboard; name = Base; path = Base.lproj/LaunchScreen.storyboard; sourceTree = "<group>"; };
		3B52E48A24445B7500366CE9 /* Info.plist */ = {isa = PBXFileReference; lastKnownFileType = text.plist.xml; path = Info.plist; sourceTree = "<group>"; };
		3B52E4912445A96A00366CE9 /* Badge.swift */ = {isa = PBXFileReference; lastKnownFileType = sourcecode.swift; path = Badge.swift; sourceTree = "<group>"; };
		3B52E4932445AAEA00366CE9 /* HexagonParameters.swift */ = {isa = PBXFileReference; lastKnownFileType = sourcecode.swift; path = HexagonParameters.swift; sourceTree = "<group>"; };
		3B52E4952445B38700366CE9 /* BadgeSymbol.swift */ = {isa = PBXFileReference; lastKnownFileType = sourcecode.swift; path = BadgeSymbol.swift; sourceTree = "<group>"; };
		3B52E4972445B4D300366CE9 /* RotatedBadgeSymbol.swift */ = {isa = PBXFileReference; lastKnownFileType = sourcecode.swift; path = RotatedBadgeSymbol.swift; sourceTree = "<group>"; };
		3B52E4992445B55F00366CE9 /* BadgeBackground.swift */ = {isa = PBXFileReference; lastKnownFileType = sourcecode.swift; path = BadgeBackground.swift; sourceTree = "<group>"; };
		3B52E49B2445B9F400366CE9 /* HikeView.swift */ = {isa = PBXFileReference; lastKnownFileType = sourcecode.swift; path = HikeView.swift; sourceTree = "<group>"; };
		3B52E49E2445BAF300366CE9 /* HikeGraph.swift */ = {isa = PBXFileReference; fileEncoding = 4; lastKnownFileType = sourcecode.swift; path = HikeGraph.swift; sourceTree = "<group>"; };
		3B52E4A12445BB7B00366CE9 /* Hike.swift */ = {isa = PBXFileReference; fileEncoding = 4; lastKnownFileType = sourcecode.swift; path = Hike.swift; sourceTree = "<group>"; };
		3B52E4A32445BB9900366CE9 /* hikeData.json */ = {isa = PBXFileReference; fileEncoding = 4; lastKnownFileType = text.json; path = hikeData.json; sourceTree = "<group>"; };
		3B52E4A52445BBD900366CE9 /* GraphCapsule.swift */ = {isa = PBXFileReference; fileEncoding = 4; lastKnownFileType = sourcecode.swift; path = GraphCapsule.swift; sourceTree = "<group>"; };
		3B52E4AA2446C0CA00366CE9 /* HikeDetail.swift */ = {isa = PBXFileReference; fileEncoding = 4; lastKnownFileType = sourcecode.swift; path = HikeDetail.swift; sourceTree = "<group>"; };
		3B625999244873D400E9C8A5 /* ContentView3.swift */ = {isa = PBXFileReference; lastKnownFileType = sourcecode.swift; path = ContentView3.swift; sourceTree = "<group>"; };
		3B62599D2448742E00E9C8A5 /* ContentView2.swift */ = {isa = PBXFileReference; lastKnownFileType = sourcecode.swift; path = ContentView2.swift; sourceTree = "<group>"; };
		3B62599F24487C5900E9C8A5 /* AlignmentView.swift */ = {isa = PBXFileReference; lastKnownFileType = sourcecode.swift; path = AlignmentView.swift; sourceTree = "<group>"; };
		3B94922723697D3900C14293 /* Landmarks.app */ = {isa = PBXFileReference; explicitFileType = wrapper.application; includeInIndex = 0; path = Landmarks.app; sourceTree = BUILT_PRODUCTS_DIR; };
		3B94922A23697D3900C14293 /* AppDelegate.swift */ = {isa = PBXFileReference; lastKnownFileType = sourcecode.swift; path = AppDelegate.swift; sourceTree = "<group>"; };
		3B94922C23697D3900C14293 /* SceneDelegate.swift */ = {isa = PBXFileReference; lastKnownFileType = sourcecode.swift; path = SceneDelegate.swift; sourceTree = "<group>"; };
		3B94922E23697D3900C14293 /* ViewController.swift */ = {isa = PBXFileReference; lastKnownFileType = sourcecode.swift; path = ViewController.swift; sourceTree = "<group>"; };
		3B94923323697D3A00C14293 /* Assets.xcassets */ = {isa = PBXFileReference; lastKnownFileType = folder.assetcatalog; path = Assets.xcassets; sourceTree = "<group>"; };
		3B94923623697D3A00C14293 /* Base */ = {isa = PBXFileReference; lastKnownFileType = file.storyboard; name = Base; path = Base.lproj/LaunchScreen.storyboard; sourceTree = "<group>"; };
		3B94923823697D3A00C14293 /* Info.plist */ = {isa = PBXFileReference; lastKnownFileType = text.plist.xml; path = Info.plist; sourceTree = "<group>"; };
		3B9F2D0B242DFD9400CFBE4A /* CircleImage.swift */ = {isa = PBXFileReference; lastKnownFileType = sourcecode.swift; path = CircleImage.swift; sourceTree = "<group>"; };
		3B9F2D0D242DFFAA00CFBE4A /* MapView.swift */ = {isa = PBXFileReference; lastKnownFileType = sourcecode.swift; path = MapView.swift; sourceTree = "<group>"; };
		3BA6D5CC2449A5790027EF4B /* Home.swift */ = {isa = PBXFileReference; lastKnownFileType = sourcecode.swift; path = Home.swift; sourceTree = "<group>"; };
		3BA6D5D02449AD200027EF4B /* CategoryRow.swift */ = {isa = PBXFileReference; lastKnownFileType = sourcecode.swift; path = CategoryRow.swift; sourceTree = "<group>"; };
		3BA6D5D6244AD8E60027EF4B /* ProfileHost.swift */ = {isa = PBXFileReference; lastKnownFileType = sourcecode.swift; path = ProfileHost.swift; sourceTree = "<group>"; };
		3BA6D5D8244AD91A0027EF4B /* Profile.swift */ = {isa = PBXFileReference; fileEncoding = 4; lastKnownFileType = sourcecode.swift; path = Profile.swift; sourceTree = "<group>"; };
		3BA6D5DA244ADCA90027EF4B /* ProfileSummary.swift */ = {isa = PBXFileReference; lastKnownFileType = sourcecode.swift; path = ProfileSummary.swift; sourceTree = "<group>"; };
		3BA6D5DE244AFD390027EF4B /* HikeBadge.swift */ = {isa = PBXFileReference; lastKnownFileType = sourcecode.swift; path = HikeBadge.swift; sourceTree = "<group>"; };
		3BA6D5EF244AFFE00027EF4B /* ContentView.swift */ = {isa = PBXFileReference; fileEncoding = 4; lastKnownFileType = sourcecode.swift; path = ContentView.swift; sourceTree = "<group>"; };
/* End PBXFileReference section */

/* Begin PBXFrameworksBuildPhase section */
		3B52E47724445B6A00366CE9 /* Frameworks */ = {
			isa = PBXFrameworksBuildPhase;
			buildActionMask = 2147483647;
			files = (
			);
			runOnlyForDeploymentPostprocessing = 0;
		};
		3B94922423697D3900C14293 /* Frameworks */ = {
			isa = PBXFrameworksBuildPhase;
			buildActionMask = 2147483647;
			files = (
			);
			runOnlyForDeploymentPostprocessing = 0;
		};
/* End PBXFrameworksBuildPhase section */

/* Begin PBXGroup section */
		3B424BC9243F3EB300E1AFB9 /* Models */ = {
			isa = PBXGroup;
			children = (
				3B424BF3243F782300E1AFB9 /* Data.swift */,
				3B52E4A12445BB7B00366CE9 /* Hike.swift */,
				3BA6D5D8244AD91A0027EF4B /* Profile.swift */,
				3B424BCD243F3F3500E1AFB9 /* Landmark.swift */,
				3B52E4502444458800366CE9 /* UserData.swift */,
			);
			path = Models;
			sourceTree = "<group>";
		};
		3B424BCA243F3EC800E1AFB9 /* Resources */ = {
			isa = PBXGroup;
			children = (
				3B52E4A32445BB9900366CE9 /* hikeData.json */,
				3B52E43724443C6100366CE9 /* landmarkData.json */,
				3B52E43B24443C6200366CE9 /* charleyrivers.jpg */,
				3B52E43D24443C6200366CE9 /* chilkoottrail.jpg */,
				3B52E43624443C6100366CE9 /* chincoteague.jpg */,
				3B52E44124443C6300366CE9 /* hiddenlake.jpg */,
				3B52E43824443C6100366CE9 /* icybay.jpg */,
				3B52E44024443C6300366CE9 /* lakemcdonald.jpg */,
				3B52E43A24443C6200366CE9 /* rainbowlake.jpg */,
				3B52E43F24443C6300366CE9 /* silversalmoncreek.jpg */,
				3B52E43924443C6100366CE9 /* stmarylake.jpg */,
				3B52E43E24443C6200366CE9 /* turtlerock.jpg */,
				3B52E44224443C6300366CE9 /* twinlake.jpg */,
				3B52E43C24443C6200366CE9 /* umbagog.jpg */,
			);
			path = Resources;
			sourceTree = "<group>";
		};
		3B424BCF243F432600E1AFB9 /* Supporting Views */ = {
			isa = PBXGroup;
			children = (
				3B9F2D0B242DFD9400CFBE4A /* CircleImage.swift */,
				3B9F2D0D242DFFAA00CFBE4A /* MapView.swift */,
			);
			path = "Supporting Views";
			sourceTree = "<group>";
		};
		3B52E47B24445B6A00366CE9 /* SwiftUITips */ = {
			isa = PBXGroup;
			children = (
				3B52E47C24445B6A00366CE9 /* AppDelegate.swift */,
				3B52E47E24445B6A00366CE9 /* SceneDelegate.swift */,
				3B52E48224445B7500366CE9 /* Assets.xcassets */,
				3B52E48724445B7500366CE9 /* LaunchScreen.storyboard */,
				3B52E48A24445B7500366CE9 /* Info.plist */,
				3B52E48424445B7500366CE9 /* Preview Content */,
				3B94922E23697D3900C14293 /* ViewController.swift */,
				3B62599F24487C5900E9C8A5 /* AlignmentView.swift */,
				3BA6D5EF244AFFE00027EF4B /* ContentView.swift */,
				3B62599D2448742E00E9C8A5 /* ContentView2.swift */,
				3B625999244873D400E9C8A5 /* ContentView3.swift */,
			);
			path = SwiftUITips;
			sourceTree = "<group>";
		};
		3B52E48424445B7500366CE9 /* Preview Content */ = {
			isa = PBXGroup;
			children = (
				3B52E48524445B7500366CE9 /* Preview Assets.xcassets */,
			);
			path = "Preview Content";
			sourceTree = "<group>";
		};
		3B52E49D2445BAEA00366CE9 /* HikeViews */ = {
			isa = PBXGroup;
			children = (
				3B52E49B2445B9F400366CE9 /* HikeView.swift */,
				3B52E49E2445BAF300366CE9 /* HikeGraph.swift */,
				3B52E4AA2446C0CA00366CE9 /* HikeDetail.swift */,
				3B52E4A52445BBD900366CE9 /* GraphCapsule.swift */,
			);
			path = HikeViews;
			sourceTree = "<group>";
		};
		3B52E4A02445BB1800366CE9 /* BadgeViews */ = {
			isa = PBXGroup;
			children = (
				3B52E4912445A96A00366CE9 /* Badge.swift */,
				3B52E4972445B4D300366CE9 /* RotatedBadgeSymbol.swift */,
				3B52E4952445B38700366CE9 /* BadgeSymbol.swift */,
				3B52E4992445B55F00366CE9 /* BadgeBackground.swift */,
				3B52E4932445AAEA00366CE9 /* HexagonParameters.swift */,
			);
			path = BadgeViews;
			sourceTree = "<group>";
		};
		3B94921E23697D3900C14293 = {
			isa = PBXGroup;
			children = (
				3B94922923697D3900C14293 /* Landmarks */,
				3B52E47B24445B6A00366CE9 /* SwiftUITips */,
				3B94922823697D3900C14293 /* Products */,
			);
			sourceTree = "<group>";
		};
		3B94922823697D3900C14293 /* Products */ = {
			isa = PBXGroup;
			children = (
				3B94922723697D3900C14293 /* Landmarks.app */,
				3B52E47A24445B6A00366CE9 /* SwiftUITips.app */,
			);
			name = Products;
			sourceTree = "<group>";
		};
		3B94922923697D3900C14293 /* Landmarks */ = {
			isa = PBXGroup;
			children = (
				3BA6D5D5244AD8D40027EF4B /* Profile */,
				3BA6D5CF2449AD0F0027EF4B /* Home */,
				3B424BC9243F3EB300E1AFB9 /* Models */,
				3B52E49D2445BAEA00366CE9 /* HikeViews */,
				3B52E4A02445BB1800366CE9 /* BadgeViews */,
				3B94922A23697D3900C14293 /* AppDelegate.swift */,
				3B94922C23697D3900C14293 /* SceneDelegate.swift */,
				3B424BBF243DA45100E1AFB9 /* LandmarkDetail.swift */,
				3B424BF1243F76BA00E1AFB9 /* LandmarkRow.swift */,
				3B52E4332440434A00366CE9 /* LandmarkList.swift */,
				3BA6D5CC2449A5790027EF4B /* Home.swift */,
				3B424BCF243F432600E1AFB9 /* Supporting Views */,
				3B424BCA243F3EC800E1AFB9 /* Resources */,
				3B94923323697D3A00C14293 /* Assets.xcassets */,
				3B424BEE243F44E100E1AFB9 /* Main.storyboard */,
				3B94923523697D3A00C14293 /* LaunchScreen.storyboard */,
				3B94923823697D3A00C14293 /* Info.plist */,
			);
			path = Landmarks;
			sourceTree = "<group>";
		};
		3BA6D5CF2449AD0F0027EF4B /* Home */ = {
			isa = PBXGroup;
			children = (
				3BA6D5D02449AD200027EF4B /* CategoryRow.swift */,
			);
			path = Home;
			sourceTree = "<group>";
		};
		3BA6D5D5244AD8D40027EF4B /* Profile */ = {
			isa = PBXGroup;
			children = (
				3BA6D5D6244AD8E60027EF4B /* ProfileHost.swift */,
				3B02CFE1244D793000827F2F /* ProfileEditor.swift */,
				3BA6D5DA244ADCA90027EF4B /* ProfileSummary.swift */,
				3BA6D5DE244AFD390027EF4B /* HikeBadge.swift */,
			);
			path = Profile;
			sourceTree = "<group>";
		};
/* End PBXGroup section */

/* Begin PBXNativeTarget section */
		3B52E47924445B6A00366CE9 /* SwiftUITips */ = {
			isa = PBXNativeTarget;
			buildConfigurationList = 3B52E48B24445B7500366CE9 /* Build configuration list for PBXNativeTarget "SwiftUITips" */;
			buildPhases = (
				3B52E47624445B6A00366CE9 /* Sources */,
				3B52E47724445B6A00366CE9 /* Frameworks */,
				3B52E47824445B6A00366CE9 /* Resources */,
			);
			buildRules = (
			);
			dependencies = (
			);
			name = SwiftUITips;
			productName = DrawAnimation2;
			productReference = 3B52E47A24445B6A00366CE9 /* SwiftUITips.app */;
			productType = "com.apple.product-type.application";
		};
		3B94922623697D3900C14293 /* Landmarks */ = {
			isa = PBXNativeTarget;
			buildConfigurationList = 3B94923B23697D3A00C14293 /* Build configuration list for PBXNativeTarget "Landmarks" */;
			buildPhases = (
				3B94922323697D3900C14293 /* Sources */,
				3B94922423697D3900C14293 /* Frameworks */,
				3B94922523697D3900C14293 /* Resources */,
			);
			buildRules = (
			);
			dependencies = (
			);
			name = Landmarks;
			productName = playSwiftUI;
			productReference = 3B94922723697D3900C14293 /* Landmarks.app */;
			productType = "com.apple.product-type.application";
		};
/* End PBXNativeTarget section */

/* Begin PBXProject section */
		3B94921F23697D3900C14293 /* Project object */ = {
			isa = PBXProject;
			attributes = {
				LastSwiftUpdateCheck = 1140;
				LastUpgradeCheck = 1110;
				ORGANIZATIONNAME = MGBook;
				TargetAttributes = {
					3B52E47924445B6A00366CE9 = {
						CreatedOnToolsVersion = 11.4;
					};
					3B94922623697D3900C14293 = {
						CreatedOnToolsVersion = 11.1;
					};
				};
			};
			buildConfigurationList = 3B94922223697D3900C14293 /* Build configuration list for PBXProject "PlaySwiftUI" */;
			compatibilityVersion = "Xcode 9.3";
			developmentRegion = en;
			hasScannedForEncodings = 0;
			knownRegions = (
				en,
				Base,
			);
			mainGroup = 3B94921E23697D3900C14293;
			productRefGroup = 3B94922823697D3900C14293 /* Products */;
			projectDirPath = "";
			projectRoot = "";
			targets = (
				3B94922623697D3900C14293 /* Landmarks */,
				3B52E47924445B6A00366CE9 /* SwiftUITips */,
			);
		};
/* End PBXProject section */

/* Begin PBXResourcesBuildPhase section */
		3B52E47824445B6A00366CE9 /* Resources */ = {
			isa = PBXResourcesBuildPhase;
			buildActionMask = 2147483647;
			files = (
				3B52E48924445B7500366CE9 /* LaunchScreen.storyboard in Resources */,
				3B52E48624445B7500366CE9 /* Preview Assets.xcassets in Resources */,
				3B52E48324445B7500366CE9 /* Assets.xcassets in Resources */,
			);
			runOnlyForDeploymentPostprocessing = 0;
		};
		3B94922523697D3900C14293 /* Resources */ = {
			isa = PBXResourcesBuildPhase;
			buildActionMask = 2147483647;
			files = (
				3BC3B13F244B0F8F00B80545 /* hikeData.json in Resources */,
				3B52E44D24443C6300366CE9 /* lakemcdonald.jpg in Resources */,
				3B52E44C24443C6300366CE9 /* silversalmoncreek.jpg in Resources */,
				3B94923723697D3A00C14293 /* LaunchScreen.storyboard in Resources */,
				3B94923423697D3A00C14293 /* Assets.xcassets in Resources */,
				3B52E44324443C6300366CE9 /* chincoteague.jpg in Resources */,
				3B52E44824443C6300366CE9 /* charleyrivers.jpg in Resources */,
				3B52E44924443C6300366CE9 /* umbagog.jpg in Resources */,
				3B52E44424443C6300366CE9 /* landmarkData.json in Resources */,
				3B52E44A24443C6300366CE9 /* chilkoottrail.jpg in Resources */,
				3B52E44524443C6300366CE9 /* icybay.jpg in Resources */,
				3B52E44F24443C6300366CE9 /* twinlake.jpg in Resources */,
				3B52E44B24443C6300366CE9 /* turtlerock.jpg in Resources */,
				3B52E44724443C6300366CE9 /* rainbowlake.jpg in Resources */,
				3B424BEF243F44E200E1AFB9 /* Main.storyboard in Resources */,
				3B52E44E24443C6300366CE9 /* hiddenlake.jpg in Resources */,
				3B52E44624443C6300366CE9 /* stmarylake.jpg in Resources */,
			);
			runOnlyForDeploymentPostprocessing = 0;
		};
/* End PBXResourcesBuildPhase section */

/* Begin PBXSourcesBuildPhase section */
		3B52E47624445B6A00366CE9 /* Sources */ = {
			isa = PBXSourcesBuildPhase;
			buildActionMask = 2147483647;
			files = (
				3BA6D5E0244AFD890027EF4B /* AlignmentView.swift in Sources */,
				3BA6D5C4244994CE0027EF4B /* ContentView2.swift in Sources */,
				3BA6D5F0244AFFE00027EF4B /* ContentView.swift in Sources */,
				3BA6D5C5244994CE0027EF4B /* ContentView3.swift in Sources */,
				3BA6D5C3244994CE0027EF4B /* ViewController.swift in Sources */,
				3B52E47D24445B6A00366CE9 /* AppDelegate.swift in Sources */,
				3B52E47F24445B6A00366CE9 /* SceneDelegate.swift in Sources */,
			);
			runOnlyForDeploymentPostprocessing = 0;
		};
		3B94922323697D3900C14293 /* Sources */ = {
			isa = PBXSourcesBuildPhase;
			buildActionMask = 2147483647;
			files = (
				3BA6D5EE244AFF4F0027EF4B /* HikeView.swift in Sources */,
				3BA6D5E9244AFF420027EF4B /* Badge.swift in Sources */,
				3BA6D5EA244AFF420027EF4B /* RotatedBadgeSymbol.swift in Sources */,
				3BA6D5EB244AFF420027EF4B /* BadgeSymbol.swift in Sources */,
				3BA6D5EC244AFF420027EF4B /* BadgeBackground.swift in Sources */,
				3BA6D5ED244AFF420027EF4B /* HexagonParameters.swift in Sources */,
				3BA6D5E6244AFF310027EF4B /* HikeGraph.swift in Sources */,
				3BA6D5E7244AFF310027EF4B /* HikeDetail.swift in Sources */,
				3BA6D5E8244AFF310027EF4B /* GraphCapsule.swift in Sources */,
				3B424BCE243F3F3500E1AFB9 /* Landmark.swift in Sources */,
				3BA6D5D9244AD91A0027EF4B /* Profile.swift in Sources */,
				3B9F2D0C242DFD9400CFBE4A /* CircleImage.swift in Sources */,
				3BA6D5C8244996AC0027EF4B /* Hike.swift in Sources */,
				3B424BC0243DA45100E1AFB9 /* LandmarkDetail.swift in Sources */,
				3BA6D5CD2449A5790027EF4B /* Home.swift in Sources */,
				3B9F2D0E242DFFAA00CFBE4A /* MapView.swift in Sources */,
				3BA6D5D12449AD200027EF4B /* CategoryRow.swift in Sources */,
				3B52E4512444458800366CE9 /* UserData.swift in Sources */,
				3BA6D5DF244AFD390027EF4B /* HikeBadge.swift in Sources */,
				3B94922B23697D3900C14293 /* AppDelegate.swift in Sources */,
				3BA6D5D7244AD8E60027EF4B /* ProfileHost.swift in Sources */,
				3B424BF2243F76BB00E1AFB9 /* LandmarkRow.swift in Sources */,
				3B424BF4243F782300E1AFB9 /* Data.swift in Sources */,
				3B94922D23697D3900C14293 /* SceneDelegate.swift in Sources */,
				3BA6D5DB244ADCA90027EF4B /* ProfileSummary.swift in Sources */,
				3B52E4342440434A00366CE9 /* LandmarkList.swift in Sources */,
				3B02CFE2244D793100827F2F /* ProfileEditor.swift in Sources */,
			);
			runOnlyForDeploymentPostprocessing = 0;
		};
/* End PBXSourcesBuildPhase section */

/* Begin PBXVariantGroup section */
		3B52E48724445B7500366CE9 /* LaunchScreen.storyboard */ = {
			isa = PBXVariantGroup;
			children = (
				3B52E48824445B7500366CE9 /* Base */,
			);
			name = LaunchScreen.storyboard;
			sourceTree = "<group>";
		};
		3B94923523697D3A00C14293 /* LaunchScreen.storyboard */ = {
			isa = PBXVariantGroup;
			children = (
				3B94923623697D3A00C14293 /* Base */,
			);
			name = LaunchScreen.storyboard;
			sourceTree = "<group>";
		};
/* End PBXVariantGroup section */

/* Begin XCBuildConfiguration section */
		3B52E48C24445B7500366CE9 /* Debug */ = {
			isa = XCBuildConfiguration;
			buildSettings = {
				ASSETCATALOG_COMPILER_APPICON_NAME = AppIcon;
				CODE_SIGN_STYLE = Automatic;
				DEVELOPMENT_ASSET_PATHS = "\"SwiftUITips/Preview Content\"";
				DEVELOPMENT_TEAM = YEH9VENLMS;
				ENABLE_PREVIEWS = YES;
				INFOPLIST_FILE = "$(SRCROOT)/SwiftUITips/Info.plist";
				IPHONEOS_DEPLOYMENT_TARGET = 13.1;
				LD_RUNPATH_SEARCH_PATHS = (
					"$(inherited)",
					"@executable_path/Frameworks",
				);
				PRODUCT_BUNDLE_IDENTIFIER = com.mg.SwiftUITips;
				PRODUCT_NAME = SwiftUITips;
				SWIFT_VERSION = 5.0;
				TARGETED_DEVICE_FAMILY = "1,2";
			};
			name = Debug;
		};
		3B52E48D24445B7500366CE9 /* Release */ = {
			isa = XCBuildConfiguration;
			buildSettings = {
				ASSETCATALOG_COMPILER_APPICON_NAME = AppIcon;
				CODE_SIGN_STYLE = Automatic;
				DEVELOPMENT_ASSET_PATHS = "\"SwiftUITips/Preview Content\"";
				DEVELOPMENT_TEAM = YEH9VENLMS;
				ENABLE_PREVIEWS = YES;
				INFOPLIST_FILE = "$(SRCROOT)/SwiftUITips/Info.plist";
				IPHONEOS_DEPLOYMENT_TARGET = 13.1;
				LD_RUNPATH_SEARCH_PATHS = (
					"$(inherited)",
					"@executable_path/Frameworks",
				);
				PRODUCT_BUNDLE_IDENTIFIER = com.mg.SwiftUITips;
				PRODUCT_NAME = SwiftUITips;
				SWIFT_VERSION = 5.0;
				TARGETED_DEVICE_FAMILY = "1,2";
			};
			name = Release;
		};
		3B94923923697D3A00C14293 /* Debug */ = {
			isa = XCBuildConfiguration;
			buildSettings = {
				ALWAYS_SEARCH_USER_PATHS = NO;
				CLANG_ANALYZER_NONNULL = YES;
				CLANG_ANALYZER_NUMBER_OBJECT_CONVERSION = YES_AGGRESSIVE;
				CLANG_CXX_LANGUAGE_STANDARD = "gnu++14";
				CLANG_CXX_LIBRARY = "libc++";
				CLANG_ENABLE_MODULES = YES;
				CLANG_ENABLE_OBJC_ARC = YES;
				CLANG_ENABLE_OBJC_WEAK = YES;
				CLANG_WARN_BLOCK_CAPTURE_AUTORELEASING = YES;
				CLANG_WARN_BOOL_CONVERSION = YES;
				CLANG_WARN_COMMA = YES;
				CLANG_WARN_CONSTANT_CONVERSION = YES;
				CLANG_WARN_DEPRECATED_OBJC_IMPLEMENTATIONS = YES;
				CLANG_WARN_DIRECT_OBJC_ISA_USAGE = YES_ERROR;
				CLANG_WARN_DOCUMENTATION_COMMENTS = YES;
				CLANG_WARN_EMPTY_BODY = YES;
				CLANG_WARN_ENUM_CONVERSION = YES;
				CLANG_WARN_INFINITE_RECURSION = YES;
				CLANG_WARN_INT_CONVERSION = YES;
				CLANG_WARN_NON_LITERAL_NULL_CONVERSION = YES;
				CLANG_WARN_OBJC_IMPLICIT_RETAIN_SELF = YES;
				CLANG_WARN_OBJC_LITERAL_CONVERSION = YES;
				CLANG_WARN_OBJC_ROOT_CLASS = YES_ERROR;
				CLANG_WARN_RANGE_LOOP_ANALYSIS = YES;
				CLANG_WARN_STRICT_PROTOTYPES = YES;
				CLANG_WARN_SUSPICIOUS_MOVE = YES;
				CLANG_WARN_UNGUARDED_AVAILABILITY = YES_AGGRESSIVE;
				CLANG_WARN_UNREACHABLE_CODE = YES;
				CLANG_WARN__DUPLICATE_METHOD_MATCH = YES;
				COPY_PHASE_STRIP = NO;
				DEBUG_INFORMATION_FORMAT = dwarf;
				ENABLE_STRICT_OBJC_MSGSEND = YES;
				ENABLE_TESTABILITY = YES;
				GCC_C_LANGUAGE_STANDARD = gnu11;
				GCC_DYNAMIC_NO_PIC = NO;
				GCC_NO_COMMON_BLOCKS = YES;
				GCC_OPTIMIZATION_LEVEL = 0;
				GCC_PREPROCESSOR_DEFINITIONS = (
					"DEBUG=1",
					"$(inherited)",
				);
				GCC_WARN_64_TO_32_BIT_CONVERSION = YES;
				GCC_WARN_ABOUT_RETURN_TYPE = YES_ERROR;
				GCC_WARN_UNDECLARED_SELECTOR = YES;
				GCC_WARN_UNINITIALIZED_AUTOS = YES_AGGRESSIVE;
				GCC_WARN_UNUSED_FUNCTION = YES;
				GCC_WARN_UNUSED_VARIABLE = YES;
				IPHONEOS_DEPLOYMENT_TARGET = 13.1;
				MTL_ENABLE_DEBUG_INFO = INCLUDE_SOURCE;
				MTL_FAST_MATH = YES;
				ONLY_ACTIVE_ARCH = YES;
				SDKROOT = iphoneos;
				SWIFT_ACTIVE_COMPILATION_CONDITIONS = DEBUG;
				SWIFT_OPTIMIZATION_LEVEL = "-Onone";
			};
			name = Debug;
		};
		3B94923A23697D3A00C14293 /* Release */ = {
			isa = XCBuildConfiguration;
			buildSettings = {
				ALWAYS_SEARCH_USER_PATHS = NO;
				CLANG_ANALYZER_NONNULL = YES;
				CLANG_ANALYZER_NUMBER_OBJECT_CONVERSION = YES_AGGRESSIVE;
				CLANG_CXX_LANGUAGE_STANDARD = "gnu++14";
				CLANG_CXX_LIBRARY = "libc++";
				CLANG_ENABLE_MODULES = YES;
				CLANG_ENABLE_OBJC_ARC = YES;
				CLANG_ENABLE_OBJC_WEAK = YES;
				CLANG_WARN_BLOCK_CAPTURE_AUTORELEASING = YES;
				CLANG_WARN_BOOL_CONVERSION = YES;
				CLANG_WARN_COMMA = YES;
				CLANG_WARN_CONSTANT_CONVERSION = YES;
				CLANG_WARN_DEPRECATED_OBJC_IMPLEMENTATIONS = YES;
				CLANG_WARN_DIRECT_OBJC_ISA_USAGE = YES_ERROR;
				CLANG_WARN_DOCUMENTATION_COMMENTS = YES;
				CLANG_WARN_EMPTY_BODY = YES;
				CLANG_WARN_ENUM_CONVERSION = YES;
				CLANG_WARN_INFINITE_RECURSION = YES;
				CLANG_WARN_INT_CONVERSION = YES;
				CLANG_WARN_NON_LITERAL_NULL_CONVERSION = YES;
				CLANG_WARN_OBJC_IMPLICIT_RETAIN_SELF = YES;
				CLANG_WARN_OBJC_LITERAL_CONVERSION = YES;
				CLANG_WARN_OBJC_ROOT_CLASS = YES_ERROR;
				CLANG_WARN_RANGE_LOOP_ANALYSIS = YES;
				CLANG_WARN_STRICT_PROTOTYPES = YES;
				CLANG_WARN_SUSPICIOUS_MOVE = YES;
				CLANG_WARN_UNGUARDED_AVAILABILITY = YES_AGGRESSIVE;
				CLANG_WARN_UNREACHABLE_CODE = YES;
				CLANG_WARN__DUPLICATE_METHOD_MATCH = YES;
				COPY_PHASE_STRIP = NO;
				DEBUG_INFORMATION_FORMAT = "dwarf-with-dsym";
				ENABLE_NS_ASSERTIONS = NO;
				ENABLE_STRICT_OBJC_MSGSEND = YES;
				GCC_C_LANGUAGE_STANDARD = gnu11;
				GCC_NO_COMMON_BLOCKS = YES;
				GCC_WARN_64_TO_32_BIT_CONVERSION = YES;
				GCC_WARN_ABOUT_RETURN_TYPE = YES_ERROR;
				GCC_WARN_UNDECLARED_SELECTOR = YES;
				GCC_WARN_UNINITIALIZED_AUTOS = YES_AGGRESSIVE;
				GCC_WARN_UNUSED_FUNCTION = YES;
				GCC_WARN_UNUSED_VARIABLE = YES;
				IPHONEOS_DEPLOYMENT_TARGET = 13.1;
				MTL_ENABLE_DEBUG_INFO = NO;
				MTL_FAST_MATH = YES;
				SDKROOT = iphoneos;
				SWIFT_COMPILATION_MODE = wholemodule;
				SWIFT_OPTIMIZATION_LEVEL = "-O";
				VALIDATE_PRODUCT = YES;
			};
			name = Release;
		};
		3B94923C23697D3A00C14293 /* Debug */ = {
			isa = XCBuildConfiguration;
			buildSettings = {
				ASSETCATALOG_COMPILER_APPICON_NAME = AppIcon;
				CODE_SIGN_STYLE = Automatic;
				DEVELOPMENT_TEAM = YEH9VENLMS;
				INFOPLIST_FILE = "$(SRCROOT)/Landmarks/Info.plist";
				LD_RUNPATH_SEARCH_PATHS = (
					"$(inherited)",
					"@executable_path/Frameworks",
				);
				PRODUCT_BUNDLE_IDENTIFIER = com.mg.Landmarks2;
				PRODUCT_NAME = Landmarks;
				SWIFT_VERSION = 5.0;
				TARGETED_DEVICE_FAMILY = "1,2";
			};
			name = Debug;
		};
		3B94923D23697D3A00C14293 /* Release */ = {
			isa = XCBuildConfiguration;
			buildSettings = {
				ASSETCATALOG_COMPILER_APPICON_NAME = AppIcon;
				CODE_SIGN_STYLE = Automatic;
				DEVELOPMENT_TEAM = YEH9VENLMS;
				INFOPLIST_FILE = "$(SRCROOT)/Landmarks/Info.plist";
				LD_RUNPATH_SEARCH_PATHS = (
					"$(inherited)",
					"@executable_path/Frameworks",
				);
				PRODUCT_BUNDLE_IDENTIFIER = com.mg.Landmarks2;
				PRODUCT_NAME = Landmarks;
				SWIFT_VERSION = 5.0;
				TARGETED_DEVICE_FAMILY = "1,2";
			};
			name = Release;
		};
/* End XCBuildConfiguration section */

/* Begin XCConfigurationList section */
		3B52E48B24445B7500366CE9 /* Build configuration list for PBXNativeTarget "SwiftUITips" */ = {
			isa = XCConfigurationList;
			buildConfigurations = (
				3B52E48C24445B7500366CE9 /* Debug */,
				3B52E48D24445B7500366CE9 /* Release */,
			);
			defaultConfigurationIsVisible = 0;
			defaultConfigurationName = Release;
		};
		3B94922223697D3900C14293 /* Build configuration list for PBXProject "PlaySwiftUI" */ = {
			isa = XCConfigurationList;
			buildConfigurations = (
				3B94923923697D3A00C14293 /* Debug */,
				3B94923A23697D3A00C14293 /* Release */,
			);
			defaultConfigurationIsVisible = 0;
			defaultConfigurationName = Release;
		};
		3B94923B23697D3A00C14293 /* Build configuration list for PBXNativeTarget "Landmarks" */ = {
			isa = XCConfigurationList;
			buildConfigurations = (
				3B94923C23697D3A00C14293 /* Debug */,
				3B94923D23697D3A00C14293 /* Release */,
			);
			defaultConfigurationIsVisible = 0;
			defaultConfigurationName = Release;
		};
/* End XCConfigurationList section */
	};
	rootObject = 3B94921F23697D3900C14293 /* Project object */;
}
